
Microsoft Visual Studio Solution File, Format Version 12.00
# Visual Studio Version 16
VisualStudioVersion = 16.0.31605.320
MinimumVisualStudioVersion = 10.0.40219.1
Project("{8BC9CEB8-8B4A-11D0-8D11-00A0C91BC942}") = "GLtest", "GLtest\GLtest.vcxproj", "{C66F14D0-8008-4A4F-99EF-B1B6DBD0D033}"
EndProject
Global
	GlobalSection(SolutionConfigurationPlatforms) = preSolution
		Debug|x64 = Debug|x64
		Debug|x86 = Debug|x86
		Release|x64 = Release|x64
		Release|x86 = Release|x86
	EndGlobalSection
	GlobalSection(ProjectConfigurationPlatforms) = postSolution
		{C66F14D0-8008-4A4F-99EF-B1B6DBD0D033}.Debug|x64.ActiveCfg = Debug|x64
		{C66F14D0-8008-4A4F-99EF-B1B6DBD0D033}.Debug|x64.Build.0 = Debug|x64
		{C66F14D0-8008-4A4F-99EF-B1B6DBD0D033}.Debug|x86.ActiveCfg = Debug|Win32
		{C66F14D0-8008-4A4F-99EF-B1B6DBD0D033}.Debug|x86.Build.0 = Debug|Win32
		{C66F14D0-8008-4A4F-99EF-B1B6DBD0D033}.Release|x64.ActiveCfg = Release|x64
		{C66F14D0-8008-4A4F-99EF-B1B6DBD0D033}.Release|x64.Build.0 = Release|x64
		{C66F14D0-8008-4A4F-99EF-B1B6DBD0D033}.Release|x86.ActiveCfg = Release|Win32
		{C66F14D0-8008-4A4F-99EF-B1B6DBD0D033}.Release|x86.Build.0 = Release|Win32
	EndGlobalSection
	GlobalSection(SolutionProperties) = preSolution
		HideSolutionNode = FALSE
	EndGlobalSection
	GlobalSection(ExtensibilityGlobals) = postSolution
		SolutionGuid = {5558D8AB-9649-4298-B967-F4F4769218CF}
	EndGlobalSection
EndGlobal
